
Microsoft Visual Studio Solution File, Format Version 12.00
# Visual Studio Version 17
VisualStudioVersion = 17.7.34202.233
MinimumVisualStudioVersion = 10.0.40219.1
Project("{FAE04EC0-301F-11D3-BF4B-00C04F79EFBC}") = "MvvmToDo", "MvvmToDo\MvvmToDo.csproj", "{1F96DFB7-8DB9-4AD4-BF7D-46284E81B78C}"
EndProject
Project("{FAE04EC0-301F-11D3-BF4B-00C04F79EFBC}") = "MvvmToDo.Core", "MvvmToDo.Core\MvvmToDo.Core.csproj", "{723FB8FD-FF14-476E-8A28-14B7D904376B}"
EndProject
Global
	GlobalSection(SolutionConfigurationPlatforms) = preSolution
		Debug|Any CPU = Debug|Any CPU
		Release|Any CPU = Release|Any CPU
	EndGlobalSection
	GlobalSection(ProjectConfigurationPlatforms) = postSolution
		{1F96DFB7-8DB9-4AD4-BF7D-46284E81B78C}.Debug|Any CPU.ActiveCfg = Debug|Any CPU
		{1F96DFB7-8DB9-4AD4-BF7D-46284E81B78C}.Debug|Any CPU.Build.0 = Debug|Any CPU
		{1F96DFB7-8DB9-4AD4-BF7D-46284E81B78C}.Release|Any CPU.ActiveCfg = Release|Any CPU
		{1F96DFB7-8DB9-4AD4-BF7D-46284E81B78C}.Release|Any CPU.Build.0 = Release|Any CPU
		{723FB8FD-FF14-476E-8A28-14B7D904376B}.Debug|Any CPU.ActiveCfg = Debug|Any CPU
		{723FB8FD-FF14-476E-8A28-14B7D904376B}.Debug|Any CPU.Build.0 = Debug|Any CPU
		{723FB8FD-FF14-476E-8A28-14B7D904376B}.Release|Any CPU.ActiveCfg = Release|Any CPU
		{723FB8FD-FF14-476E-8A28-14B7D904376B}.Release|Any CPU.Build.0 = Release|Any CPU
	EndGlobalSection
	GlobalSection(SolutionProperties) = preSolution
		HideSolutionNode = FALSE
	EndGlobalSection
	GlobalSection(ExtensibilityGlobals) = postSolution
		SolutionGuid = {119A7A71-6A19-409C-B561-B8A2F27C28F1}
	EndGlobalSection
EndGlobal
